
Microsoft Visual Studio Solution File, Format Version 12.00
# Visual Studio Version 17
VisualStudioVersion = 17.6.33829.357
MinimumVisualStudioVersion = 10.0.40219.1
Project("{FAE04EC0-301F-11D3-BF4B-00C04F79EFBC}") = "blogpessoal", "blogpessoal.csproj", "{37F7306C-1C81-4854-8E19-8ED016BD119E}"
EndProject
Global
	GlobalSection(SolutionConfigurationPlatforms) = preSolution
		Debug|Any CPU = Debug|Any CPU
		Release|Any CPU = Release|Any CPU
	EndGlobalSection
	GlobalSection(ProjectConfigurationPlatforms) = postSolution
		{37F7306C-1C81-4854-8E19-8ED016BD119E}.Debug|Any CPU.ActiveCfg = Debug|Any CPU
		{37F7306C-1C81-4854-8E19-8ED016BD119E}.Debug|Any CPU.Build.0 = Debug|Any CPU
		{37F7306C-1C81-4854-8E19-8ED016BD119E}.Release|Any CPU.ActiveCfg = Release|Any CPU
		{37F7306C-1C81-4854-8E19-8ED016BD119E}.Release|Any CPU.Build.0 = Release|Any CPU
	EndGlobalSection
	GlobalSection(SolutionProperties) = preSolution
		HideSolutionNode = FALSE
	EndGlobalSection
	GlobalSection(ExtensibilityGlobals) = postSolution
		SolutionGuid = {C7056EAF-90D0-42E9-A87C-3391195EAE83}
	EndGlobalSection
EndGlobal
